
Microsoft Visual Studio Solution File, Format Version 12.00
# Visual Studio Version 16
VisualStudioVersion = 16.0.30804.86
MinimumVisualStudioVersion = 10.0.40219.1
Project("{FAE04EC0-301F-11D3-BF4B-00C04F79EFBC}") = "ToDo", "ToDo\ToDo.csproj", "{42019262-F34C-41E4-AF2B-F9B7A54D86EE}"
EndProject
Global
	GlobalSection(SolutionConfigurationPlatforms) = preSolution
		Debug|Any CPU = Debug|Any CPU
		Release|Any CPU = Release|Any CPU
	EndGlobalSection
	GlobalSection(ProjectConfigurationPlatforms) = postSolution
		{42019262-F34C-41E4-AF2B-F9B7A54D86EE}.Debug|Any CPU.ActiveCfg = Debug|Any CPU
		{42019262-F34C-41E4-AF2B-F9B7A54D86EE}.Debug|Any CPU.Build.0 = Debug|Any CPU
		{42019262-F34C-41E4-AF2B-F9B7A54D86EE}.Release|Any CPU.ActiveCfg = Release|Any CPU
		{42019262-F34C-41E4-AF2B-F9B7A54D86EE}.Release|Any CPU.Build.0 = Release|Any CPU
	EndGlobalSection
	GlobalSection(SolutionProperties) = preSolution
		HideSolutionNode = FALSE
	EndGlobalSection
	GlobalSection(ExtensibilityGlobals) = postSolution
		SolutionGuid = {CED8539E-C683-4D0B-AA4B-78B949907AFA}
	EndGlobalSection
EndGlobal
